
Microsoft Visual Studio Solution File, Format Version 12.00
# Visual Studio Version 16
VisualStudioVersion = 16.0.35026.282
MinimumVisualStudioVersion = 10.0.40219.1
Project("{FAE04EC0-301F-11D3-BF4B-00C04F79EFBC}") = "Info Input", "Info Input.csproj", "{463F556E-EA3D-4FDC-9BE8-38BD4C1A3E70}"
EndProject
Global
	GlobalSection(SolutionConfigurationPlatforms) = preSolution
		Debug|Any CPU = Debug|Any CPU
		Release|Any CPU = Release|Any CPU
	EndGlobalSection
	GlobalSection(ProjectConfigurationPlatforms) = postSolution
		{463F556E-EA3D-4FDC-9BE8-38BD4C1A3E70}.Debug|Any CPU.ActiveCfg = Debug|Any CPU
		{463F556E-EA3D-4FDC-9BE8-38BD4C1A3E70}.Debug|Any CPU.Build.0 = Debug|Any CPU
		{463F556E-EA3D-4FDC-9BE8-38BD4C1A3E70}.Release|Any CPU.ActiveCfg = Release|Any CPU
		{463F556E-EA3D-4FDC-9BE8-38BD4C1A3E70}.Release|Any CPU.Build.0 = Release|Any CPU
	EndGlobalSection
	GlobalSection(SolutionProperties) = preSolution
		HideSolutionNode = FALSE
	EndGlobalSection
	GlobalSection(ExtensibilityGlobals) = postSolution
		SolutionGuid = {C78ACDF0-2536-452A-BBBA-496377425C3C}
	EndGlobalSection
EndGlobal
